
Microsoft Visual Studio Solution File, Format Version 12.00
# Visual Studio Version 17
VisualStudioVersion = 17.0.32112.339
MinimumVisualStudioVersion = 10.0.40219.1
Project("{FAE04EC0-301F-11D3-BF4B-00C04F79EFBC}") = "CV19", "CV19\CV19.csproj", "{5138A18D-DA08-4D5F-9EAB-7FE0DEC52140}"
EndProject
Project("{2150E333-8FDC-42A3-9474-1A3956D46DE8}") = "Tests", "Tests", "{F26AD456-C6F8-4C4D-9AE5-F7203DC4B5B7}"
EndProject
Project("{FAE04EC0-301F-11D3-BF4B-00C04F79EFBC}") = "CV19.CLI", "Tests\CV19.CLI\CV19.CLI.csproj", "{9192A1D0-9B56-412A-8C0E-9623C2D71081}"
EndProject
Global
	GlobalSection(SolutionConfigurationPlatforms) = preSolution
		Debug|Any CPU = Debug|Any CPU
		Release|Any CPU = Release|Any CPU
	EndGlobalSection
	GlobalSection(ProjectConfigurationPlatforms) = postSolution
		{5138A18D-DA08-4D5F-9EAB-7FE0DEC52140}.Debug|Any CPU.ActiveCfg = Debug|Any CPU
		{5138A18D-DA08-4D5F-9EAB-7FE0DEC52140}.Debug|Any CPU.Build.0 = Debug|Any CPU
		{5138A18D-DA08-4D5F-9EAB-7FE0DEC52140}.Release|Any CPU.ActiveCfg = Release|Any CPU
		{5138A18D-DA08-4D5F-9EAB-7FE0DEC52140}.Release|Any CPU.Build.0 = Release|Any CPU
		{9192A1D0-9B56-412A-8C0E-9623C2D71081}.Debug|Any CPU.ActiveCfg = Debug|Any CPU
		{9192A1D0-9B56-412A-8C0E-9623C2D71081}.Debug|Any CPU.Build.0 = Debug|Any CPU
		{9192A1D0-9B56-412A-8C0E-9623C2D71081}.Release|Any CPU.ActiveCfg = Release|Any CPU
		{9192A1D0-9B56-412A-8C0E-9623C2D71081}.Release|Any CPU.Build.0 = Release|Any CPU
	EndGlobalSection
	GlobalSection(SolutionProperties) = preSolution
		HideSolutionNode = FALSE
	EndGlobalSection
	GlobalSection(NestedProjects) = preSolution
		{9192A1D0-9B56-412A-8C0E-9623C2D71081} = {F26AD456-C6F8-4C4D-9AE5-F7203DC4B5B7}
	EndGlobalSection
	GlobalSection(ExtensibilityGlobals) = postSolution
		SolutionGuid = {12D687B1-E832-476A-A5C7-2A559BC6E2C3}
	EndGlobalSection
EndGlobal
